
Microsoft Visual Studio Solution File, Format Version 12.00
# Visual Studio Version 17
VisualStudioVersion = 17.0.31903.59
MinimumVisualStudioVersion = 10.0.40219.1
Project("{2150E333-8FDC-42A3-9474-1A3956D46DE8}") = "src", "src", "{64B940EE-4D6B-438D-88D9-B46F26B70B0B}"
EndProject
Project("{FAE04EC0-301F-11D3-BF4B-00C04F79EFBC}") = "StockMonitorTso.Domain", "src\StockMonitorTso.Domain\StockMonitorTso.Domain.csproj", "{9D57DB69-FD6F-406C-851D-BC3B9B3F1EFB}"
EndProject
Project("{FAE04EC0-301F-11D3-BF4B-00C04F79EFBC}") = "StockMonitorTso.Infrastructure", "src\StockMonitorTso.Infrastructure\StockMonitorTso.Infrastructure.csproj", "{2CB72CDF-A379-4F2D-9EE3-269ECB832DBC}"
EndProject
Project("{FAE04EC0-301F-11D3-BF4B-00C04F79EFBC}") = "StockMonitorTso.Api", "src\StockMonitorTso.Api\StockMonitorTso.Api.csproj", "{CA725B80-377A-41E6-B7E6-E1228A28B974}"
EndProject
Project("{FAE04EC0-301F-11D3-BF4B-00C04F79EFBC}") = "StockMonitorTso.Web", "src\StockMonitorTso.Web\StockMonitorTso.Web.csproj", "{07B50992-69FD-48EB-8712-0A0923A2EDD1}"
EndProject
Project("{2150E333-8FDC-42A3-9474-1A3956D46DE8}") = "tests", "tests", "{CFACC65C-5976-4BC2-ABA6-F1A1AA3111D6}"
EndProject
Project("{FAE04EC0-301F-11D3-BF4B-00C04F79EFBC}") = "StockMonitorTso.UnitTests", "tests\StockMonitorTso.UnitTests\StockMonitorTso.UnitTests.csproj", "{DF90894E-9BF6-4F54-BED0-DB25C50DEDC6}"
EndProject
Project("{FAE04EC0-301F-11D3-BF4B-00C04F79EFBC}") = "StockMonitorTso.IntegrationTests", "tests\StockMonitorTso.IntegrationTests\StockMonitorTso.IntegrationTests.csproj", "{C24C2AB9-A01E-4C19-BDEB-4EA28E31A67C}"
EndProject
Global
	GlobalSection(SolutionConfigurationPlatforms) = preSolution
		Debug|Any CPU = Debug|Any CPU
		Release|Any CPU = Release|Any CPU
	EndGlobalSection
	GlobalSection(SolutionProperties) = preSolution
		HideSolutionNode = FALSE
	EndGlobalSection
	GlobalSection(ProjectConfigurationPlatforms) = postSolution
		{9D57DB69-FD6F-406C-851D-BC3B9B3F1EFB}.Debug|Any CPU.ActiveCfg = Debug|Any CPU
		{9D57DB69-FD6F-406C-851D-BC3B9B3F1EFB}.Debug|Any CPU.Build.0 = Debug|Any CPU
		{9D57DB69-FD6F-406C-851D-BC3B9B3F1EFB}.Release|Any CPU.ActiveCfg = Release|Any CPU
		{9D57DB69-FD6F-406C-851D-BC3B9B3F1EFB}.Release|Any CPU.Build.0 = Release|Any CPU
		{2CB72CDF-A379-4F2D-9EE3-269ECB832DBC}.Debug|Any CPU.ActiveCfg = Debug|Any CPU
		{2CB72CDF-A379-4F2D-9EE3-269ECB832DBC}.Debug|Any CPU.Build.0 = Debug|Any CPU
		{2CB72CDF-A379-4F2D-9EE3-269ECB832DBC}.Release|Any CPU.ActiveCfg = Release|Any CPU
		{2CB72CDF-A379-4F2D-9EE3-269ECB832DBC}.Release|Any CPU.Build.0 = Release|Any CPU
		{CA725B80-377A-41E6-B7E6-E1228A28B974}.Debug|Any CPU.ActiveCfg = Debug|Any CPU
		{CA725B80-377A-41E6-B7E6-E1228A28B974}.Debug|Any CPU.Build.0 = Debug|Any CPU
		{CA725B80-377A-41E6-B7E6-E1228A28B974}.Release|Any CPU.ActiveCfg = Release|Any CPU
		{CA725B80-377A-41E6-B7E6-E1228A28B974}.Release|Any CPU.Build.0 = Release|Any CPU
		{07B50992-69FD-48EB-8712-0A0923A2EDD1}.Debug|Any CPU.ActiveCfg = Debug|Any CPU
		{07B50992-69FD-48EB-8712-0A0923A2EDD1}.Debug|Any CPU.Build.0 = Debug|Any CPU
		{07B50992-69FD-48EB-8712-0A0923A2EDD1}.Release|Any CPU.ActiveCfg = Release|Any CPU
		{07B50992-69FD-48EB-8712-0A0923A2EDD1}.Release|Any CPU.Build.0 = Release|Any CPU
		{DF90894E-9BF6-4F54-BED0-DB25C50DEDC6}.Debug|Any CPU.ActiveCfg = Debug|Any CPU
		{DF90894E-9BF6-4F54-BED0-DB25C50DEDC6}.Debug|Any CPU.Build.0 = Debug|Any CPU
		{DF90894E-9BF6-4F54-BED0-DB25C50DEDC6}.Release|Any CPU.ActiveCfg = Release|Any CPU
		{DF90894E-9BF6-4F54-BED0-DB25C50DEDC6}.Release|Any CPU.Build.0 = Release|Any CPU
		{C24C2AB9-A01E-4C19-BDEB-4EA28E31A67C}.Debug|Any CPU.ActiveCfg = Debug|Any CPU
		{C24C2AB9-A01E-4C19-BDEB-4EA28E31A67C}.Debug|Any CPU.Build.0 = Debug|Any CPU
		{C24C2AB9-A01E-4C19-BDEB-4EA28E31A67C}.Release|Any CPU.ActiveCfg = Release|Any CPU
		{C24C2AB9-A01E-4C19-BDEB-4EA28E31A67C}.Release|Any CPU.Build.0 = Release|Any CPU
	EndGlobalSection
	GlobalSection(NestedProjects) = preSolution
		{9D57DB69-FD6F-406C-851D-BC3B9B3F1EFB} = {64B940EE-4D6B-438D-88D9-B46F26B70B0B}
		{2CB72CDF-A379-4F2D-9EE3-269ECB832DBC} = {64B940EE-4D6B-438D-88D9-B46F26B70B0B}
		{CA725B80-377A-41E6-B7E6-E1228A28B974} = {64B940EE-4D6B-438D-88D9-B46F26B70B0B}
		{07B50992-69FD-48EB-8712-0A0923A2EDD1} = {64B940EE-4D6B-438D-88D9-B46F26B70B0B}
		{DF90894E-9BF6-4F54-BED0-DB25C50DEDC6} = {CFACC65C-5976-4BC2-ABA6-F1A1AA3111D6}
		{C24C2AB9-A01E-4C19-BDEB-4EA28E31A67C} = {CFACC65C-5976-4BC2-ABA6-F1A1AA3111D6}
	EndGlobalSection
EndGlobal
